lockfileVersion: '9.0'

settings:
  autoInstallPeers: true
  excludeLinksFromLockfile: false

importers:

  .: {}

  packages/constants:
    devDependencies:
      typescript:
        specifier: ^5.9.3
        version: 5.9.3

  packages/contracts:
    dependencies:
      '@OneCoach/schemas':
        specifier: workspace:*
        version: link:../schemas
      '@OneCoach/types':
        specifier: workspace:*
        version: link:../types
    devDependencies:
      typescript:
        specifier: ^5.9.3
        version: 5.9.3

  packages/lib-shared:
    dependencies:
      '@OneCoach/schemas':
        specifier: workspace:*
        version: link:../schemas
      '@OneCoach/types':
        specifier: workspace:*
        version: link:../types
      '@prisma/client':
        specifier: 7.0.0
        version: 7.0.0(typescript@5.9.3)
    devDependencies:
      typescript:
        specifier: ^5.9.3
        version: 5.9.3

  packages/schemas:
    dependencies:
      '@OneCoach/constants':
        specifier: workspace:*
        version: link:../constants
      '@OneCoach/types':
        specifier: workspace:*
        version: link:../types
      '@prisma/client':
        specifier: 7.0.0
        version: 7.0.0(typescript@5.9.3)
      zod:
        specifier: ^4.1.12
        version: 4.1.13
    devDependencies:
      typescript:
        specifier: ^5.9.3
        version: 5.9.3

  packages/types:
    dependencies:
      '@OneCoach/constants':
        specifier: workspace:*
        version: link:../constants
      '@prisma/client':
        specifier: 7.0.0
        version: 7.0.0(typescript@5.9.3)
      zod:
        specifier: ^4.1.12
        version: 4.1.13
    devDependencies:
      typescript:
        specifier: ^5.9.3
        version: 5.9.3

packages:

  '@prisma/client-runtime-utils@7.0.0':
    resolution: {integrity: sha512-PAiFgMBPrLSaakBwUpML5NevipuKSL3rtNr8pZ8CZ3OBXo0BFcdeGcBIKw/CxJP6H4GNa4+l5bzJPrk8Iq6tDw==}

  '@prisma/client@7.0.0':
    resolution: {integrity: sha512-FM1NtJezl0zH3CybLxcbJwShJt7xFGSRg+1tGhy3sCB8goUDnxnBR+RC/P35EAW8gjkzx7kgz7bvb0MerY2VSw==}
    engines: {node: ^20.19 || ^22.12 || ^24.0}
    peerDependencies:
      prisma: '*'
      typescript: '>=5.4.0'
    peerDependenciesMeta:
      prisma:
        optional: true
      typescript:
        optional: true

  typescript@5.9.3:
    resolution: {integrity: sha512-jl1vZzPDinLr9eUt3J/t7V6FgNEw9QjvBPdysz9KfQDD41fQrC2Y4vKQdiaUpFT4bXlb1RHhLpp8wtm6M5TgSw==}
    engines: {node: '>=14.17'}
    hasBin: true

  zod@4.1.13:
    resolution: {integrity: sha512-AvvthqfqrAhNH9dnfmrfKzX5upOdjUVJYFqNSlkmGf64gRaTzlPwz99IHYnVs28qYAybvAlBV+H7pn0saFY4Ig==}

snapshots:

  '@prisma/client-runtime-utils@7.0.0': {}

  '@prisma/client@7.0.0(typescript@5.9.3)':
    dependencies:
      '@prisma/client-runtime-utils': 7.0.0
    optionalDependencies:
      typescript: 5.9.3

  typescript@5.9.3: {}

  zod@4.1.13: {}
